
Microsoft Visual Studio Solution File, Format Version 12.00
# Visual Studio Version 16
VisualStudioVersion = 16.0.29230.61
MinimumVisualStudioVersion = 10.0.40219.1
Project("{FAE04EC0-301F-11D3-BF4B-00C04F79EFBC}") = "SampleFileUpload.Server", "SampleFileUpload\Server\SampleFileUpload.Server.csproj", "{F5849768-2376-4EFD-8975-B06339704F57}"
EndProject
Project("{FAE04EC0-301F-11D3-BF4B-00C04F79EFBC}") = "SampleFileUpload.Client", "SampleFileUpload\Client\SampleFileUpload.Client.csproj", "{D3310627-4EC0-4595-ACD5-DFBFEBD2D8D0}"
EndProject
Project("{FAE04EC0-301F-11D3-BF4B-00C04F79EFBC}") = "SampleFileUpload.Shared", "SampleFileUpload\Shared\SampleFileUpload.Shared.csproj", "{0F81309D-5654-4C1D-A71F-1F65EE9AC2FE}"
EndProject
Global
	GlobalSection(SolutionConfigurationPlatforms) = preSolution
		Debug|Any CPU = Debug|Any CPU
		Release|Any CPU = Release|Any CPU
	EndGlobalSection
	GlobalSection(ProjectConfigurationPlatforms) = postSolution
		{F5849768-2376-4EFD-8975-B06339704F57}.Debug|Any CPU.ActiveCfg = Debug|Any CPU
		{F5849768-2376-4EFD-8975-B06339704F57}.Debug|Any CPU.Build.0 = Debug|Any CPU
		{F5849768-2376-4EFD-8975-B06339704F57}.Release|Any CPU.ActiveCfg = Release|Any CPU
		{F5849768-2376-4EFD-8975-B06339704F57}.Release|Any CPU.Build.0 = Release|Any CPU
		{D3310627-4EC0-4595-ACD5-DFBFEBD2D8D0}.Debug|Any CPU.ActiveCfg = Debug|Any CPU
		{D3310627-4EC0-4595-ACD5-DFBFEBD2D8D0}.Debug|Any CPU.Build.0 = Debug|Any CPU
		{D3310627-4EC0-4595-ACD5-DFBFEBD2D8D0}.Release|Any CPU.ActiveCfg = Release|Any CPU
		{D3310627-4EC0-4595-ACD5-DFBFEBD2D8D0}.Release|Any CPU.Build.0 = Release|Any CPU
		{0F81309D-5654-4C1D-A71F-1F65EE9AC2FE}.Debug|Any CPU.ActiveCfg = Debug|Any CPU
		{0F81309D-5654-4C1D-A71F-1F65EE9AC2FE}.Debug|Any CPU.Build.0 = Debug|Any CPU
		{0F81309D-5654-4C1D-A71F-1F65EE9AC2FE}.Release|Any CPU.ActiveCfg = Release|Any CPU
		{0F81309D-5654-4C1D-A71F-1F65EE9AC2FE}.Release|Any CPU.Build.0 = Release|Any CPU
	EndGlobalSection
	GlobalSection(SolutionProperties) = preSolution
		HideSolutionNode = FALSE
	EndGlobalSection
	GlobalSection(ExtensibilityGlobals) = postSolution
		SolutionGuid = {CEE7B9C7-2A6C-474E-A342-BCD840046238}
	EndGlobalSection
EndGlobal
